// !$*UTF8*$!
{
	archiveVersion = 1;
	classes = {
	};
	objectVersion = 50;
	objects = {

/* Begin PBXBuildFile section */
		C415095F208646CC003E94CD /* ViewControllerView.swift in Sources */ = {isa = PBXBuildFile; fileRef = C415095E208646CC003E94CD /* ViewControllerView.swift */; };
		C4150961208647FA003E94CD /* DetailsViewControllerView.swift in Sources */ = {isa = PBXBuildFile; fileRef = C4150960208647FA003E94CD /* DetailsViewControllerView.swift */; };
		C41509632086481A003E94CD /* DetailsViewController.swift in Sources */ = {isa = PBXBuildFile; fileRef = C41509622086481A003E94CD /* DetailsViewController.swift */; };
		C41509652086591A003E94CD /* ViewControllerPresenter.swift in Sources */ = {isa = PBXBuildFile; fileRef = C41509642086591A003E94CD /* ViewControllerPresenter.swift */; };
		C415096720865936003E94CD /* DetailsViewControllerPresenter.swift in Sources */ = {isa = PBXBuildFile; fileRef = C415096620865936003E94CD /* DetailsViewControllerPresenter.swift */; };
		C4150969208659CB003E94CD /* ViewControllerPresenterProtocol.swift in Sources */ = {isa = PBXBuildFile; fileRef = C4150968208659CB003E94CD /* ViewControllerPresenterProtocol.swift */; };
		C415096B20865AD5003E94CD /* DetailsViewControllerPresenterProtocol.swift in Sources */ = {isa = PBXBuildFile; fileRef = C415096A20865AD5003E94CD /* DetailsViewControllerPresenterProtocol.swift */; };
		C415096E20866358003E94CD /* NetworkingProtcol.swift in Sources */ = {isa = PBXBuildFile; fileRef = C415096C20866358003E94CD /* NetworkingProtcol.swift */; };
		C415096F20866358003E94CD /* Movie.swift in Sources */ = {isa = PBXBuildFile; fileRef = C415096D20866358003E94CD /* Movie.swift */; };
		C4559762208E057400C15152 /* favorites_ic.png in Resources */ = {isa = PBXBuildFile; fileRef = C4559760208E055400C15152 /* favorites_ic.png */; };
		C4559763208E057400C15152 /* favorites_fill_ic.png in Resources */ = {isa = PBXBuildFile; fileRef = C4559761208E057200C15152 /* favorites_fill_ic.png */; };
		C4559766208E0B9000C15152 /* popular_ic.png in Resources */ = {isa = PBXBuildFile; fileRef = C4559764208E0B8E00C15152 /* popular_ic.png */; };
		C4559767208E0B9000C15152 /* top_rated_ic.png in Resources */ = {isa = PBXBuildFile; fileRef = C4559765208E0B8F00C15152 /* top_rated_ic.png */; };
		C48015F9208F8FBA00DB63F1 /* Trailer.swift in Sources */ = {isa = PBXBuildFile; fileRef = C48015F7208F8FB400DB63F1 /* Trailer.swift */; };
		C48015FA208F8FBA00DB63F1 /* Review.swift in Sources */ = {isa = PBXBuildFile; fileRef = C48015F8208F8FB600DB63F1 /* Review.swift */; };
		C48015FC208F98D000DB63F1 /* SplashViewController.swift in Sources */ = {isa = PBXBuildFile; fileRef = C48015FB208F98D000DB63F1 /* SplashViewController.swift */; };
		C4A34290208F279A00D0730B /* TrailerUICollection.swift in Sources */ = {isa = PBXBuildFile; fileRef = C4A3428F208F279900D0730B /* TrailerUICollection.swift */; };
		C4A34292208F2B3700D0730B /* image_placeholder.png in Resources */ = {isa = PBXBuildFile; fileRef = C4A34291208F2B3600D0730B /* image_placeholder.png */; };
		C4CB027F2093B71400CA52CB /* ReviewsTableViewController.swift in Sources */ = {isa = PBXBuildFile; fileRef = C4CB027E2093B71400CA52CB /* ReviewsTableViewController.swift */; };
		C4CB02842094248300CA52CB /* ReviewsControllerProtocol.swift in Sources */ = {isa = PBXBuildFile; fileRef = C4CB02832094248300CA52CB /* ReviewsControllerProtocol.swift */; };
		C4CB028820942A6E00CA52CB /* Launch Screen.storyboard in Resources */ = {isa = PBXBuildFile; fileRef = C4CB028720942A6E00CA52CB /* Launch Screen.storyboard */; };
		C4D9D09B209115C30066388B /* TrailerCollectionViewCell.swift in Sources */ = {isa = PBXBuildFile; fileRef = C4D9D09A209115C20066388B /* TrailerCollectionViewCell.swift */; };
		C4D9D09D2093A4B20066388B /* ReviewTableViewCell.swift in Sources */ = {isa = PBXBuildFile; fileRef = C4D9D09C2093A4B20066388B /* ReviewTableViewCell.swift */; };
		C4F6B9A12083B89300B0F1B9 /* AppDelegate.swift in Sources */ = {isa = PBXBuildFile; fileRef = C4F6B9A02083B89300B0F1B9 /* AppDelegate.swift */; };
		C4F6B9A32083B89300B0F1B9 /* ViewController.swift in Sources */ = {isa = PBXBuildFile; fileRef = C4F6B9A22083B89300B0F1B9 /* ViewController.swift */; };
		C4F6B9A62083B89300B0F1B9 /* Main.storyboard in Resources */ = {isa = PBXBuildFile; fileRef = C4F6B9A42083B89300B0F1B9 /* Main.storyboard */; };
		C4F6B9A92083B89300B0F1B9 /* YourMovies.xcdatamodeld in Sources */ = {isa = PBXBuildFile; fileRef = C4F6B9A72083B89300B0F1B9 /* YourMovies.xcdatamodeld */; };
		C4F6B9AB2083B8A300B0F1B9 /* Assets.xcassets in Resources */ = {isa = PBXBuildFile; fileRef = C4F6B9AA2083B8A300B0F1B9 /* Assets.xcassets */; };
		C4F6B9B62084E1AF00B0F1B9 /* Networking.swift in Sources */ = {isa = PBXBuildFile; fileRef = C4F6B9B52084E1AE00B0F1B9 /* Networking.swift */; };
		EEA20B6DA9601009BC3A9AA1 /* Pods_YourMovies.framework in Frameworks */ = {isa = PBXBuildFile; fileRef = EE919B6C0C39D377617EE5D3 /* Pods_YourMovies.framework */; };
/* End PBXBuildFile section */

/* Begin PBXFileReference section */
		A7C39236C92D5530848A2233 /* Pods-YourMovies.release.xcconfig */ = {isa = PBXFileReference; includeInIndex = 1; lastKnownFileType = text.xcconfig; name = "Pods-YourMovies.release.xcconfig"; path = "Pods/Target Support Files/Pods-YourMovies/Pods-YourMovies.release.xcconfig"; sourceTree = "<group>"; };
		C1508FEAC992CAE29A731ECA /* Pods-YourMovies.debug.xcconfig */ = {isa = PBXFileReference; includeInIndex = 1; lastKnownFileType = text.xcconfig; name = "Pods-YourMovies.debug.xcconfig"; path = "Pods/Target Support Files/Pods-YourMovies/Pods-YourMovies.debug.xcconfig"; sourceTree = "<group>"; };
		C415095E208646CC003E94CD /* ViewControllerView.swift */ = {isa = PBXFileReference; lastKnownFileType = sourcecode.swift; path = ViewControllerView.swift; sourceTree = "<group>"; };
		C4150960208647FA003E94CD /* DetailsViewControllerView.swift */ = {isa = PBXFileReference; lastKnownFileType = sourcecode.swift; path = DetailsViewControllerView.swift; sourceTree = "<group>"; };
		C41509622086481A003E94CD /* DetailsViewController.swift */ = {isa = PBXFileReference; lastKnownFileType = sourcecode.swift; path = DetailsViewController.swift; sourceTree = "<group>"; };
		C41509642086591A003E94CD /* ViewControllerPresenter.swift */ = {isa = PBXFileReference; lastKnownFileType = sourcecode.swift; path = ViewControllerPresenter.swift; sourceTree = "<group>"; };
		C415096620865936003E94CD /* DetailsViewControllerPresenter.swift */ = {isa = PBXFileReference; lastKnownFileType = sourcecode.swift; path = DetailsViewControllerPresenter.swift; sourceTree = "<group>"; };
		C4150968208659CB003E94CD /* ViewControllerPresenterProtocol.swift */ = {isa = PBXFileReference; lastKnownFileType = sourcecode.swift; path = ViewControllerPresenterProtocol.swift; sourceTree = "<group>"; };
		C415096A20865AD5003E94CD /* DetailsViewControllerPresenterProtocol.swift */ = {isa = PBXFileReference; lastKnownFileType = sourcecode.swift; path = DetailsViewControllerPresenterProtocol.swift; sourceTree = "<group>"; };
		C415096C20866358003E94CD /* NetworkingProtcol.swift */ = {isa = PBXFileReference; fileEncoding = 4; lastKnownFileType = sourcecode.swift; path = NetworkingProtcol.swift; sourceTree = "<group>"; };
		C415096D20866358003E94CD /* Movie.swift */ = {isa = PBXFileReference; fileEncoding = 4; lastKnownFileType = sourcecode.swift; path = Movie.swift; sourceTree = "<group>"; };
		C4559760208E055400C15152 /* favorites_ic.png */ = {isa = PBXFileReference; lastKnownFileType = image.png; path = favorites_ic.png; sourceTree = "<group>"; };
		C4559761208E057200C15152 /* favorites_fill_ic.png */ = {isa = PBXFileReference; lastKnownFileType = image.png; path = favorites_fill_ic.png; sourceTree = "<group>"; };
		C4559764208E0B8E00C15152 /* popular_ic.png */ = {isa = PBXFileReference; lastKnownFileType = image.png; path = popular_ic.png; sourceTree = "<group>"; };
		C4559765208E0B8F00C15152 /* top_rated_ic.png */ = {isa = PBXFileReference; lastKnownFileType = image.png; path = top_rated_ic.png; sourceTree = "<group>"; };
		C48015F7208F8FB400DB63F1 /* Trailer.swift */ = {isa = PBXFileReference; fileEncoding = 4; lastKnownFileType = sourcecode.swift; path = Trailer.swift; sourceTree = "<group>"; };
		C48015F8208F8FB600DB63F1 /* Review.swift */ = {isa = PBXFileReference; fileEncoding = 4; lastKnownFileType = sourcecode.swift; path = Review.swift; sourceTree = "<group>"; };
		C48015FB208F98D000DB63F1 /* SplashViewController.swift */ = {isa = PBXFileReference; lastKnownFileType = sourcecode.swift; path = SplashViewController.swift; sourceTree = "<group>"; };
		C4A3428F208F279900D0730B /* TrailerUICollection.swift */ = {isa = PBXFileReference; lastKnownFileType = sourcecode.swift; path = TrailerUICollection.swift; sourceTree = "<group>"; };
		C4A34291208F2B3600D0730B /* image_placeholder.png */ = {isa = PBXFileReference; lastKnownFileType = image.png; path = image_placeholder.png; sourceTree = "<group>"; };
		C4CB027E2093B71400CA52CB /* ReviewsTableViewController.swift */ = {isa = PBXFileReference; lastKnownFileType = sourcecode.swift; path = ReviewsTableViewController.swift; sourceTree = "<group>"; };
		C4CB02832094248300CA52CB /* ReviewsControllerProtocol.swift */ = {isa = PBXFileReference; lastKnownFileType = sourcecode.swift; path = ReviewsControllerProtocol.swift; sourceTree = "<group>"; };
		C4CB028720942A6E00CA52CB /* Launch Screen.storyboard */ = {isa = PBXFileReference; lastKnownFileType = file.storyboard; path = "Launch Screen.storyboard"; sourceTree = "<group>"; };
		C4D9D09A209115C20066388B /* TrailerCollectionViewCell.swift */ = {isa = PBXFileReference; lastKnownFileType = sourcecode.swift; path = TrailerCollectionViewCell.swift; sourceTree = "<group>"; };
		C4D9D09C2093A4B20066388B /* ReviewTableViewCell.swift */ = {isa = PBXFileReference; lastKnownFileType = sourcecode.swift; path = ReviewTableViewCell.swift; sourceTree = "<group>"; };
		C4F6B99D2083B89300B0F1B9 /* YourMovies.app */ = {isa = PBXFileReference; explicitFileType = wrapper.application; includeInIndex = 0; path = YourMovies.app; sourceTree = BUILT_PRODUCTS_DIR; };
		C4F6B9A02083B89300B0F1B9 /* AppDelegate.swift */ = {isa = PBXFileReference; lastKnownFileType = sourcecode.swift; path = AppDelegate.swift; sourceTree = "<group>"; };
		C4F6B9A22083B89300B0F1B9 /* ViewController.swift */ = {isa = PBXFileReference; lastKnownFileType = sourcecode.swift; path = ViewController.swift; sourceTree = "<group>"; };
		C4F6B9A52083B89300B0F1B9 /* Base */ = {isa = PBXFileReference; lastKnownFileType = file.storyboard; name = Base; path = Base.lproj/Main.storyboard; sourceTree = "<group>"; };
		C4F6B9A82083B89300B0F1B9 /* YourMovies.xcdatamodel */ = {isa = PBXFileReference; lastKnownFileType = wrapper.xcdatamodel; path = YourMovies.xcdatamodel; sourceTree = "<group>"; };
		C4F6B9AA2083B8A300B0F1B9 /* Assets.xcassets */ = {isa = PBXFileReference; lastKnownFileType = folder.assetcatalog; path = Assets.xcassets; sourceTree = "<group>"; };
		C4F6B9AF2083B8A300B0F1B9 /* Info.plist */ = {isa = PBXFileReference; lastKnownFileType = text.plist.xml; path = Info.plist; sourceTree = "<group>"; };
		C4F6B9B52084E1AE00B0F1B9 /* Networking.swift */ = {isa = PBXFileReference; lastKnownFileType = sourcecode.swift; path = Networking.swift; sourceTree = "<group>"; };
		EE919B6C0C39D377617EE5D3 /* Pods_YourMovies.framework */ = {isa = PBXFileReference; explicitFileType = wrapper.framework; includeInIndex = 0; path = Pods_YourMovies.framework; sourceTree = BUILT_PRODUCTS_DIR; };
/* End PBXFileReference section */

/* Begin PBXFrameworksBuildPhase section */
		C4F6B99A2083B89300B0F1B9 /* Frameworks */ = {
			isa = PBXFrameworksBuildPhase;
			buildActionMask = 2147483647;
			files = (
				EEA20B6DA9601009BC3A9AA1 /* Pods_YourMovies.framework in Frameworks */,
			);
			runOnlyForDeploymentPostprocessing = 0;
		};
/* End PBXFrameworksBuildPhase section */

/* Begin PBXGroup section */
		1B9AFCD3C5086964142514D8 /* Pods */ = {
			isa = PBXGroup;
			children = (
				C1508FEAC992CAE29A731ECA /* Pods-YourMovies.debug.xcconfig */,
				A7C39236C92D5530848A2233 /* Pods-YourMovies.release.xcconfig */,
			);
			name = Pods;
			sourceTree = "<group>";
		};
		C4CB0280209423E300CA52CB /* Home VIew */ = {
			isa = PBXGroup;
			children = (
				C4F6B9A22083B89300B0F1B9 /* ViewController.swift */,
				C415095E208646CC003E94CD /* ViewControllerView.swift */,
				C41509642086591A003E94CD /* ViewControllerPresenter.swift */,
				C4150968208659CB003E94CD /* ViewControllerPresenterProtocol.swift */,
			);
			path = "Home VIew";
			sourceTree = "<group>";
		};
		C4CB02812094240D00CA52CB /* Details View */ = {
			isa = PBXGroup;
			children = (
				C4150960208647FA003E94CD /* DetailsViewControllerView.swift */,
				C41509622086481A003E94CD /* DetailsViewController.swift */,
				C415096620865936003E94CD /* DetailsViewControllerPresenter.swift */,
				C415096A20865AD5003E94CD /* DetailsViewControllerPresenterProtocol.swift */,
			);
			path = "Details View";
			sourceTree = "<group>";
		};
		C4CB02822094242800CA52CB /* Reviews View */ = {
			isa = PBXGroup;
			children = (
				C4CB027E2093B71400CA52CB /* ReviewsTableViewController.swift */,
				C4CB02832094248300CA52CB /* ReviewsControllerProtocol.swift */,
			);
			path = "Reviews View";
			sourceTree = "<group>";
		};
		C4CB02852094272000CA52CB /* images */ = {
			isa = PBXGroup;
			children = (
				C4A34291208F2B3600D0730B /* image_placeholder.png */,
				C4559764208E0B8E00C15152 /* popular_ic.png */,
				C4559765208E0B8F00C15152 /* top_rated_ic.png */,
				C4559760208E055400C15152 /* favorites_ic.png */,
				C4559761208E057200C15152 /* favorites_fill_ic.png */,
			);
			path = images;
			sourceTree = "<group>";
		};
		C4CB0286209428F200CA52CB /* splash View */ = {
			isa = PBXGroup;
			children = (
				C48015FB208F98D000DB63F1 /* SplashViewController.swift */,
			);
			path = "splash View";
			sourceTree = "<group>";
		};
		C4F6B9942083B89200B0F1B9 = {
			isa = PBXGroup;
			children = (
				C4F6B99F2083B89300B0F1B9 /* YourMovies */,
				C4F6B99E2083B89300B0F1B9 /* Products */,
				1B9AFCD3C5086964142514D8 /* Pods */,
				D0B8FBD74E74A5AD02D68C7D /* Frameworks */,
			);
			sourceTree = "<group>";
		};
		C4F6B99E2083B89300B0F1B9 /* Products */ = {
			isa = PBXGroup;
			children = (
				C4F6B99D2083B89300B0F1B9 /* YourMovies.app */,
			);
			name = Products;
			sourceTree = "<group>";
		};
		C4F6B99F2083B89300B0F1B9 /* YourMovies */ = {
			isa = PBXGroup;
			children = (
				C4CB0286209428F200CA52CB /* splash View */,
				C4CB02852094272000CA52CB /* images */,
				C4CB02822094242800CA52CB /* Reviews View */,
				C4CB02812094240D00CA52CB /* Details View */,
				C4CB0280209423E300CA52CB /* Home VIew */,
				C48015F8208F8FB600DB63F1 /* Review.swift */,
				C48015F7208F8FB400DB63F1 /* Trailer.swift */,
				C415096D20866358003E94CD /* Movie.swift */,
				C415096C20866358003E94CD /* NetworkingProtcol.swift */,
				C4F6B9A02083B89300B0F1B9 /* AppDelegate.swift */,
				C4F6B9A42083B89300B0F1B9 /* Main.storyboard */,
				C4F6B9AA2083B8A300B0F1B9 /* Assets.xcassets */,
				C4F6B9AF2083B8A300B0F1B9 /* Info.plist */,
				C4F6B9A72083B89300B0F1B9 /* YourMovies.xcdatamodeld */,
				C4F6B9B52084E1AE00B0F1B9 /* Networking.swift */,
				C4A3428F208F279900D0730B /* TrailerUICollection.swift */,
				C4D9D09A209115C20066388B /* TrailerCollectionViewCell.swift */,
				C4D9D09C2093A4B20066388B /* ReviewTableViewCell.swift */,
				C4CB028720942A6E00CA52CB /* Launch Screen.storyboard */,
			);
			path = YourMovies;
			sourceTree = "<group>";
		};
		D0B8FBD74E74A5AD02D68C7D /* Frameworks */ = {
			isa = PBXGroup;
			children = (
				EE919B6C0C39D377617EE5D3 /* Pods_YourMovies.framework */,
			);
			name = Frameworks;
			sourceTree = "<group>";
		};
/* End PBXGroup section */

/* Begin PBXNativeTarget section */
		C4F6B99C2083B89300B0F1B9 /* YourMovies */ = {
			isa = PBXNativeTarget;
			buildConfigurationList = C4F6B9B22083B8A300B0F1B9 /* Build configuration list for PBXNativeTarget "YourMovies" */;
			buildPhases = (
				FDB43EFF7EB29BB6E6419101 /* [CP] Check Pods Manifest.lock */,
				C4F6B9992083B89300B0F1B9 /* Sources */,
				C4F6B99A2083B89300B0F1B9 /* Frameworks */,
				C4F6B99B2083B89300B0F1B9 /* Resources */,
				10733A39301C08D666CDACE0 /* [CP] Embed Pods Frameworks */,
			);
			buildRules = (
			);
			dependencies = (
			);
			name = YourMovies;
			productName = YourMovies;
			productReference = C4F6B99D2083B89300B0F1B9 /* YourMovies.app */;
			productType = "com.apple.product-type.application";
		};
/* End PBXNativeTarget section */

/* Begin PBXProject section */
		C4F6B9952083B89200B0F1B9 /* Project object */ = {
			isa = PBXProject;
			attributes = {
				LastSwiftUpdateCheck = 0930;
				LastUpgradeCheck = 0930;
				ORGANIZATIONNAME = FallenLeafs;
				TargetAttributes = {
					C4F6B99C2083B89300B0F1B9 = {
						CreatedOnToolsVersion = 9.3;
					};
				};
			};
			buildConfigurationList = C4F6B9982083B89200B0F1B9 /* Build configuration list for PBXProject "YourMovies" */;
			compatibilityVersion = "Xcode 9.3";
			developmentRegion = en;
			hasScannedForEncodings = 0;
			knownRegions = (
				en,
				Base,
			);
			mainGroup = C4F6B9942083B89200B0F1B9;
			productRefGroup = C4F6B99E2083B89300B0F1B9 /* Products */;
			projectDirPath = "";
			projectRoot = "";
			targets = (
				C4F6B99C2083B89300B0F1B9 /* YourMovies */,
			);
		};
/* End PBXProject section */

/* Begin PBXResourcesBuildPhase section */
		C4F6B99B2083B89300B0F1B9 /* Resources */ = {
			isa = PBXResourcesBuildPhase;
			buildActionMask = 2147483647;
			files = (
				C4559767208E0B9000C15152 /* top_rated_ic.png in Resources */,
				C4A34292208F2B3700D0730B /* image_placeholder.png in Resources */,
				C4559766208E0B9000C15152 /* popular_ic.png in Resources */,
				C4CB028820942A6E00CA52CB /* Launch Screen.storyboard in Resources */,
				C4559762208E057400C15152 /* favorites_ic.png in Resources */,
				C4F6B9AB2083B8A300B0F1B9 /* Assets.xcassets in Resources */,
				C4F6B9A62083B89300B0F1B9 /* Main.storyboard in Resources */,
				C4559763208E057400C15152 /* favorites_fill_ic.png in Resources */,
			);
			runOnlyForDeploymentPostprocessing = 0;
		};
/* End PBXResourcesBuildPhase section */

/* Begin PBXShellScriptBuildPhase section */
		10733A39301C08D666CDACE0 /* [CP] Embed Pods Frameworks */ = {
			isa = PBXShellScriptBuildPhase;
			buildActionMask = 2147483647;
			files = (
			);
			inputPaths = (
				"${SRCROOT}/Pods/Target Support Files/Pods-YourMovies/Pods-YourMovies-frameworks.sh",
				"${BUILT_PRODUCTS_DIR}/Alamofire/Alamofire.framework",
				"${BUILT_PRODUCTS_DIR}/ReachabilitySwift/Reachability.framework",
				"${BUILT_PRODUCTS_DIR}/SDWebImage/SDWebImage.framework",
			);
			name = "[CP] Embed Pods Frameworks";
			outputPaths = (
				"${TARGET_BUILD_DIR}/${FRAMEWORKS_FOLDER_PATH}/Alamofire.framework",
				"${TARGET_BUILD_DIR}/${FRAMEWORKS_FOLDER_PATH}/Reachability.framework",
				"${TARGET_BUILD_DIR}/${FRAMEWORKS_FOLDER_PATH}/SDWebImage.framework",
			);
			runOnlyForDeploymentPostprocessing = 0;
			shellPath = /bin/sh;
			shellScript = "\"${SRCROOT}/Pods/Target Support Files/Pods-YourMovies/Pods-YourMovies-frameworks.sh\"\n";
			showEnvVarsInLog = 0;
		};
		FDB43EFF7EB29BB6E6419101 /* [CP] Check Pods Manifest.lock */ = {
			isa = PBXShellScriptBuildPhase;
			buildActionMask = 2147483647;
			files = (
			);
			inputPaths = (
				"${PODS_PODFILE_DIR_PATH}/Podfile.lock",
				"${PODS_ROOT}/Manifest.lock",
			);
			name = "[CP] Check Pods Manifest.lock";
			outputPaths = (
				"$(DERIVED_FILE_DIR)/Pods-YourMovies-checkManifestLockResult.txt",
			);
			runOnlyForDeploymentPostprocessing = 0;
			shellPath = /bin/sh;
			shellScript = "diff \"${PODS_PODFILE_DIR_PATH}/Podfile.lock\" \"${PODS_ROOT}/Manifest.lock\" > /dev/null\nif [ $? != 0 ] ; then\n    # print error to STDERR\n    echo \"error: The sandbox is not in sync with the Podfile.lock. Run 'pod install' or update your CocoaPods installation.\" >&2\n    exit 1\nfi\n# This output is used by Xcode 'outputs' to avoid re-running this script phase.\necho \"SUCCESS\" > \"${SCRIPT_OUTPUT_FILE_0}\"\n";
			showEnvVarsInLog = 0;
		};
/* End PBXShellScriptBuildPhase section */

/* Begin PBXSourcesBuildPhase section */
		C4F6B9992083B89300B0F1B9 /* Sources */ = {
			isa = PBXSourcesBuildPhase;
			buildActionMask = 2147483647;
			files = (
				C415096B20865AD5003E94CD /* DetailsViewControllerPresenterProtocol.swift in Sources */,
				C48015F9208F8FBA00DB63F1 /* Trailer.swift in Sources */,
				C415096E20866358003E94CD /* NetworkingProtcol.swift in Sources */,
				C4CB02842094248300CA52CB /* ReviewsControllerProtocol.swift in Sources */,
				C48015FC208F98D000DB63F1 /* SplashViewController.swift in Sources */,
				C4F6B9A32083B89300B0F1B9 /* ViewController.swift in Sources */,
				C40F64A8208EE62D002C5FFE /* CoreDataProtocol.swift in Sources */,
				C4A34290208F279A00D0730B /* TrailerUICollection.swift in Sources */,
				C4CB027F2093B71400CA52CB /* ReviewsTableViewController.swift in Sources */,
				C4150969208659CB003E94CD /* ViewControllerPresenterProtocol.swift in Sources */,
				C40A7C5D2094C7AD004BBCA4 /* RepositoryProtocol.swift in Sources */,
				C40F64A6208EE60F002C5FFE /* CoreDataModel.swift in Sources */,
				C40A7C5F2094C9E2004BBCA4 /* RepositoryImpl.swift in Sources */,
				C4F6B9A12083B89300B0F1B9 /* AppDelegate.swift in Sources */,
				C4150961208647FA003E94CD /* DetailsViewControllerView.swift in Sources */,
				C415095F208646CC003E94CD /* ViewControllerView.swift in Sources */,
				C4D9D09B209115C30066388B /* TrailerCollectionViewCell.swift in Sources */,
				C48015FA208F8FBA00DB63F1 /* Review.swift in Sources */,
				C415096720865936003E94CD /* DetailsViewControllerPresenter.swift in Sources */,
				C415096F20866358003E94CD /* Movie.swift in Sources */,
				C4F6B9A92083B89300B0F1B9 /* YourMovies.xcdatamodeld in Sources */,
				C4F6B9B62084E1AF00B0F1B9 /* Networking.swift in Sources */,
				C41509632086481A003E94CD /* DetailsViewController.swift in Sources */,
				C41509652086591A003E94CD /* ViewControllerPresenter.swift in Sources */,
				C4D9D09D2093A4B20066388B /* ReviewTableViewCell.swift in Sources */,
			);
			runOnlyForDeploymentPostprocessing = 0;
		};
/* End PBXSourcesBuildPhase section */

/* Begin PBXVariantGroup section */
		C4F6B9A42083B89300B0F1B9 /* Main.storyboard */ = {
			isa = PBXVariantGroup;
			children = (
				C4F6B9A52083B89300B0F1B9 /* Base */,
			);
			name = Main.storyboard;
			sourceTree = "<group>";
		};
/* End PBXVariantGroup section */

/* Begin XCBuildConfiguration section */
		C4F6B9B02083B8A300B0F1B9 /* Debug */ = {
			isa = XCBuildConfiguration;
			buildSettings = {
				ALWAYS_SEARCH_USER_PATHS = NO;
				CLANG_ANALYZER_NONNULL = YES;
				CLANG_ANALYZER_NUMBER_OBJECT_CONVERSION = YES_AGGRESSIVE;
				CLANG_CXX_LANGUAGE_STANDARD = "gnu++14";
				CLANG_CXX_LIBRARY = "libc++";
				CLANG_ENABLE_MODULES = YES;
				CLANG_ENABLE_OBJC_ARC = YES;
				CLANG_ENABLE_OBJC_WEAK = YES;
				CLANG_WARN_BLOCK_CAPTURE_AUTORELEASING = YES;
				CLANG_WARN_BOOL_CONVERSION = YES;
				CLANG_WARN_COMMA = YES;
				CLANG_WARN_CONSTANT_CONVERSION = YES;
				CLANG_WARN_DEPRECATED_OBJC_IMPLEMENTATIONS = YES;
				CLANG_WARN_DIRECT_OBJC_ISA_USAGE = YES_ERROR;
				CLANG_WARN_DOCUMENTATION_COMMENTS = YES;
				CLANG_WARN_EMPTY_BODY = YES;
				CLANG_WARN_ENUM_CONVERSION = YES;
				CLANG_WARN_INFINITE_RECURSION = YES;
				CLANG_WARN_INT_CONVERSION = YES;
				CLANG_WARN_NON_LITERAL_NULL_CONVERSION = YES;
				CLANG_WARN_OBJC_IMPLICIT_RETAIN_SELF = YES;
				CLANG_WARN_OBJC_LITERAL_CONVERSION = YES;
				CLANG_WARN_OBJC_ROOT_CLASS = YES_ERROR;
				CLANG_WARN_RANGE_LOOP_ANALYSIS = YES;
				CLANG_WARN_STRICT_PROTOTYPES = YES;
				CLANG_WARN_SUSPICIOUS_MOVE = YES;
				CLANG_WARN_UNGUARDED_AVAILABILITY = YES_AGGRESSIVE;
				CLANG_WARN_UNREACHABLE_CODE = YES;
				CLANG_WARN__DUPLICATE_METHOD_MATCH = YES;
				CODE_SIGN_IDENTITY = "iPhone Developer";
				COPY_PHASE_STRIP = NO;
				DEBUG_INFORMATION_FORMAT = dwarf;
				ENABLE_STRICT_OBJC_MSGSEND = YES;
				ENABLE_TESTABILITY = YES;
				GCC_C_LANGUAGE_STANDARD = gnu11;
				GCC_DYNAMIC_NO_PIC = NO;
				GCC_NO_COMMON_BLOCKS = YES;
				GCC_OPTIMIZATION_LEVEL = 0;
				GCC_PREPROCESSOR_DEFINITIONS = (
					"DEBUG=1",
					"$(inherited)",
				);
				GCC_WARN_64_TO_32_BIT_CONVERSION = YES;
				GCC_WARN_ABOUT_RETURN_TYPE = YES_ERROR;
				GCC_WARN_UNDECLARED_SELECTOR = YES;
				GCC_WARN_UNINITIALIZED_AUTOS = YES_AGGRESSIVE;
				GCC_WARN_UNUSED_FUNCTION = YES;
				GCC_WARN_UNUSED_VARIABLE = YES;
				IPHONEOS_DEPLOYMENT_TARGET = 11.3;
				MTL_ENABLE_DEBUG_INFO = YES;
				ONLY_ACTIVE_ARCH = YES;
				SDKROOT = iphoneos;
				SWIFT_ACTIVE_COMPILATION_CONDITIONS = DEBUG;
				SWIFT_OPTIMIZATION_LEVEL = "-Onone";
			};
			name = Debug;
		};
		C4F6B9B12083B8A300B0F1B9 /* Release */ = {
			isa = XCBuildConfiguration;
			buildSettings = {
				ALWAYS_SEARCH_USER_PATHS = NO;
				CLANG_ANALYZER_NONNULL = YES;
				CLANG_ANALYZER_NUMBER_OBJECT_CONVERSION = YES_AGGRESSIVE;
				CLANG_CXX_LANGUAGE_STANDARD = "gnu++14";
				CLANG_CXX_LIBRARY = "libc++";
				CLANG_ENABLE_MODULES = YES;
				CLANG_ENABLE_OBJC_ARC = YES;
				CLANG_ENABLE_OBJC_WEAK = YES;
				CLANG_WARN_BLOCK_CAPTURE_AUTORELEASING = YES;
				CLANG_WARN_BOOL_CONVERSION = YES;
				CLANG_WARN_COMMA = YES;
				CLANG_WARN_CONSTANT_CONVERSION = YES;
				CLANG_WARN_DEPRECATED_OBJC_IMPLEMENTATIONS = YES;
				CLANG_WARN_DIRECT_OBJC_ISA_USAGE = YES_ERROR;
				CLANG_WARN_DOCUMENTATION_COMMENTS = YES;
				CLANG_WARN_EMPTY_BODY = YES;
				CLANG_WARN_ENUM_CONVERSION = YES;
				CLANG_WARN_INFINITE_RECURSION = YES;
				CLANG_WARN_INT_CONVERSION = YES;
				CLANG_WARN_NON_LITERAL_NULL_CONVERSION = YES;
				CLANG_WARN_OBJC_IMPLICIT_RETAIN_SELF = YES;
				CLANG_WARN_OBJC_LITERAL_CONVERSION = YES;
				CLANG_WARN_OBJC_ROOT_CLASS = YES_ERROR;
				CLANG_WARN_RANGE_LOOP_ANALYSIS = YES;
				CLANG_WARN_STRICT_PROTOTYPES = YES;
				CLANG_WARN_SUSPICIOUS_MOVE = YES;
				CLANG_WARN_UNGUARDED_AVAILABILITY = YES_AGGRESSIVE;
				CLANG_WARN_UNREACHABLE_CODE = YES;
				CLANG_WARN__DUPLICATE_METHOD_MATCH = YES;
				CODE_SIGN_IDENTITY = "iPhone Developer";
				COPY_PHASE_STRIP = NO;
				DEBUG_INFORMATION_FORMAT = "dwarf-with-dsym";
				ENABLE_NS_ASSERTIONS = NO;
				ENABLE_STRICT_OBJC_MSGSEND = YES;
				GCC_C_LANGUAGE_STANDARD = gnu11;
				GCC_NO_COMMON_BLOCKS = YES;
				GCC_WARN_64_TO_32_BIT_CONVERSION = YES;
				GCC_WARN_ABOUT_RETURN_TYPE = YES_ERROR;
				GCC_WARN_UNDECLARED_SELECTOR = YES;
				GCC_WARN_UNINITIALIZED_AUTOS = YES_AGGRESSIVE;
				GCC_WARN_UNUSED_FUNCTION = YES;
				GCC_WARN_UNUSED_VARIABLE = YES;
				IPHONEOS_DEPLOYMENT_TARGET = 11.3;
				MTL_ENABLE_DEBUG_INFO = NO;
				SDKROOT = iphoneos;
				SWIFT_COMPILATION_MODE = wholemodule;
				SWIFT_OPTIMIZATION_LEVEL = "-O";
				VALIDATE_PRODUCT = YES;
			};
			name = Release;
		};
		C4F6B9B32083B8A300B0F1B9 /* Debug */ = {
			isa = XCBuildConfiguration;
			baseConfigurationReference = C1508FEAC992CAE29A731ECA /* Pods-YourMovies.debug.xcconfig */;
			buildSettings = {
				ASSETCATALOG_COMPILER_APPICON_NAME = AppIcon;
				CODE_SIGN_STYLE = Automatic;
				INFOPLIST_FILE = YourMovies/Info.plist;
				LD_RUNPATH_SEARCH_PATHS = (
					"$(inherited)",
					"@executable_path/Frameworks",
				);
				PRODUCT_BUNDLE_IDENTIFIER = iti.YourMovies;
				PRODUCT_NAME = "$(TARGET_NAME)";
				SWIFT_VERSION = 4.0;
				TARGETED_DEVICE_FAMILY = "1,2";
			};
			name = Debug;
		};
		C4F6B9B42083B8A300B0F1B9 /* Release */ = {
			isa = XCBuildConfiguration;
			baseConfigurationReference = A7C39236C92D5530848A2233 /* Pods-YourMovies.release.xcconfig */;
			buildSettings = {
				ASSETCATALOG_COMPILER_APPICON_NAME = AppIcon;
				CODE_SIGN_STYLE = Automatic;
				INFOPLIST_FILE = YourMovies/Info.plist;
				LD_RUNPATH_SEARCH_PATHS = (
					"$(inherited)",
					"@executable_path/Frameworks",
				);
				PRODUCT_BUNDLE_IDENTIFIER = iti.YourMovies;
				PRODUCT_NAME = "$(TARGET_NAME)";
				SWIFT_VERSION = 4.0;
				TARGETED_DEVICE_FAMILY = "1,2";
			};
			name = Release;
		};
/* End XCBuildConfiguration section */

/* Begin XCConfigurationList section */
		C4F6B9982083B89200B0F1B9 /* Build configuration list for PBXProject "YourMovies" */ = {
			isa = XCConfigurationList;
			buildConfigurations = (
				C4F6B9B02083B8A300B0F1B9 /* Debug */,
				C4F6B9B12083B8A300B0F1B9 /* Release */,
			);
			defaultConfigurationIsVisible = 0;
			defaultConfigurationName = Release;
		};
		C4F6B9B22083B8A300B0F1B9 /* Build configuration list for PBXNativeTarget "YourMovies" */ = {
			isa = XCConfigurationList;
			buildConfigurations = (
				C4F6B9B32083B8A300B0F1B9 /* Debug */,
				C4F6B9B42083B8A300B0F1B9 /* Release */,
			);
			defaultConfigurationIsVisible = 0;
			defaultConfigurationName = Release;
		};
/* End XCConfigurationList section */

/* Begin XCVersionGroup section */
		C4F6B9A72083B89300B0F1B9 /* YourMovies.xcdatamodeld */ = {
			isa = XCVersionGroup;
			children = (
				C4F6B9A82083B89300B0F1B9 /* YourMovies.xcdatamodel */,
			);
			currentVersion = C4F6B9A82083B89300B0F1B9 /* YourMovies.xcdatamodel */;
			path = YourMovies.xcdatamodeld;
			sourceTree = "<group>";
			versionGroupType = wrapper.xcdatamodel;
		};
/* End XCVersionGroup section */
	};
	rootObject = C4F6B9952083B89200B0F1B9 /* Project object */;
}
